<?xml version="1.0" encoding="utf-8"?>
<Project ToolsVersion="4.0" xmlns="http://schemas.microsoft.com/developer/msbuild/2003">
  <ItemGroup>
    <Filter Include="Form Files">
      <UniqueIdentifier>{99349809-55BA-4b9d-BF79-8FDBB0286EB3}</UniqueIdentifier>
      <Extensions>ui</Extensions>
      <ParseFiles>false</ParseFiles>
    </Filter>
    <Filter Include="Form Files">
      <UniqueIdentifier>{99349809-55BA-4b9d-BF79-8FDBB0286EB3}</UniqueIdentifier>
      <Extensions>ui</Extensions>
      <ParseFiles>false</ParseFiles>
    </Filter>
    <Filter Include="Generated Files">
      <UniqueIdentifier>{71ED8ED8-ACB9-4CE9-BBE1-E00B30144E11}</UniqueIdentifier>
      <Extensions>cpp;c;cxx;moc;h;def;odl;idl;res;</Extensions>
    </Filter>
    <Filter Include="Generated Files">
      <UniqueIdentifier>{71ED8ED8-ACB9-4CE9-BBE1-E00B30144E11}</UniqueIdentifier>
      <Extensions>cpp;c;cxx;moc;h;def;odl;idl;res;</Extensions>
    </Filter>
    <Filter Include="Header Files">
      <UniqueIdentifier>{93995380-89BD-4b04-88EB-625FBE52EBFB}</UniqueIdentifier>
      <Extensions>h;hpp;hxx;hm;inl;inc;xsd</Extensions>
    </Filter>
    <Filter Include="Header Files">
      <UniqueIdentifier>{93995380-89BD-4b04-88EB-625FBE52EBFB}</UniqueIdentifier>
      <Extensions>h;hpp;hxx;hm;inl;inc;xsd</Extensions>
    </Filter>
    <Filter Include="Resource Files">
      <UniqueIdentifier>{D9D6E242-F8AF-46E4-B9FD-80ECBC20BA3E}</UniqueIdentifier>
      <Extensions>qrc;*</Extensions>
      <ParseFiles>false</ParseFiles>
    </Filter>
    <Filter Include="Resource Files">
      <UniqueIdentifier>{D9D6E242-F8AF-46E4-B9FD-80ECBC20BA3E}</UniqueIdentifier>
      <Extensions>qrc;*</Extensions>
      <ParseFiles>false</ParseFiles>
    </Filter>
    <Filter Include="Source Files">
      <UniqueIdentifier>{4FC737F1-C7A5-4376-A066-2A32D752A2FF}</UniqueIdentifier>
      <Extensions>cpp;c;cxx;def;odl;idl;hpj;bat;asm;asmx</Extensions>
    </Filter>
    <Filter Include="Source Files">
      <UniqueIdentifier>{4FC737F1-C7A5-4376-A066-2A32D752A2FF}</UniqueIdentifier>
      <Extensions>cpp;c;cxx;def;odl;idl;hpj;bat;asm;asmx</Extensions>
    </Filter>
  </ItemGroup>
  <ItemGroup>
    <ClCompile Include="MsvdClass.cpp">
      <Filter>Source Files</Filter>
    </ClCompile>
    <ClCompile Include="PsnrClass.cpp">
      <Filter>Source Files</Filter>
    </ClCompile>
    <ClCompile Include="SsimClass.cpp">
      <Filter>Source Files</Filter>
    </ClCompile>
    <ClCompile Include="VideoUtility.cpp">
      <Filter>Source Files</Filter>
    </ClCompile>
    <ClCompile Include="decode.cpp">
      <Filter>Source Files</Filter>
    </ClCompile>
    <ClCompile Include="encode.cpp">
      <Filter>Source Files</Filter>
    </ClCompile>
    <ClCompile Include="graph.cpp">
      <Filter>Source Files</Filter>
    </ClCompile>
    <ClCompile Include="main.cpp">
      <Filter>Source Files</Filter>
    </ClCompile>
    <ClCompile Include="mainwindow.cpp">
      <Filter>Source Files</Filter>
    </ClCompile>
    <ClCompile Include="qcustomplot.cpp">
      <Filter>Source Files</Filter>
    </ClCompile>
    <ClCompile Include="settings.cpp">
      <Filter>Source Files</Filter>
    </ClCompile>
    <ClCompile Include="test.cpp">
      <Filter>Source Files</Filter>
    </ClCompile>
  </ItemGroup>
  <ItemGroup>
    <ClInclude Include="MsvdClass.h">
      <Filter>Header Files</Filter>
    </ClInclude>
    <ClInclude Include="PsnrClass.h">
      <Filter>Header Files</Filter>
    </ClInclude>
    <ClInclude Include="SsimClass.h">
      <Filter>Header Files</Filter>
    </ClInclude>
    <ClInclude Include="VideoUtility.h">
      <Filter>Header Files</Filter>
    </ClInclude>
    <ClInclude Include="include\affine.hpp">
      <Filter>Header Files</Filter>
    </ClInclude>
    <ClInclude Include="include\core.hpp">
      <Filter>Header Files</Filter>
    </ClInclude>
    <ClInclude Include="include\core_c.h">
      <Filter>Header Files</Filter>
    </ClInclude>
    <ClInclude Include="include\cuda_devptrs.hpp">
      <Filter>Header Files</Filter>
    </ClInclude>
    <CustomBuild Include="decode.h">
      <Filter>Header Files</Filter>
    </CustomBuild>
    <ClInclude Include="include\devmem2d.hpp">
      <Filter>Header Files</Filter>
    </ClInclude>
    <ClInclude Include="include\eigen.hpp">
      <Filter>Header Files</Filter>
    </ClInclude>
    <CustomBuild Include="encode.h">
      <Filter>Header Files</Filter>
    </CustomBuild>
    <ClInclude Include="include\gpumat.hpp">
      <Filter>Header Files</Filter>
    </ClInclude>
    <CustomBuild Include="graph.h">
      <Filter>Header Files</Filter>
    </CustomBuild>
    <ClInclude Include="include\internal.hpp">
      <Filter>Header Files</Filter>
    </ClInclude>
    <CustomBuild Include="mainwindow.h">
      <Filter>Header Files</Filter>
    </CustomBuild>
    <ClInclude Include="include\mat.hpp">
      <Filter>Header Files</Filter>
    </ClInclude>
    <ClInclude Include="include\opengl_interop.hpp">
      <Filter>Header Files</Filter>
    </ClInclude>
    <ClInclude Include="include\opengl_interop_deprecated.hpp">
      <Filter>Header Files</Filter>
    </ClInclude>
    <ClInclude Include="include\operations.hpp">
      <Filter>Header Files</Filter>
    </ClInclude>
    <CustomBuild Include="qcustomplot.h">
      <Filter>Header Files</Filter>
    </CustomBuild>
    <CustomBuild Include="settings.h">
      <Filter>Header Files</Filter>
    </CustomBuild>
    <CustomBuild Include="test.h">
      <Filter>Header Files</Filter>
    </CustomBuild>
    <ClInclude Include="include\types_c.h">
      <Filter>Header Files</Filter>
    </ClInclude>
    <ClInclude Include="include\version.hpp">
      <Filter>Header Files</Filter>
    </ClInclude>
    <ClInclude Include="include\wimage.hpp">
      <Filter>Header Files</Filter>
    </ClInclude>
  </ItemGroup>
  <ItemGroup>
    <ClCompile Include="debug\moc_decode.cpp">
      <Filter>Generated Files</Filter>
    </ClCompile>
    <ClCompile Include="release\moc_decode.cpp">
      <Filter>Generated Files</Filter>
    </ClCompile>
    <ClCompile Include="debug\moc_encode.cpp">
      <Filter>Generated Files</Filter>
    </ClCompile>
    <ClCompile Include="release\moc_encode.cpp">
      <Filter>Generated Files</Filter>
    </ClCompile>
    <ClCompile Include="debug\moc_graph.cpp">
      <Filter>Generated Files</Filter>
    </ClCompile>
    <ClCompile Include="release\moc_graph.cpp">
      <Filter>Generated Files</Filter>
    </ClCompile>
    <ClCompile Include="debug\moc_mainwindow.cpp">
      <Filter>Generated Files</Filter>
    </ClCompile>
    <ClCompile Include="release\moc_mainwindow.cpp">
      <Filter>Generated Files</Filter>
    </ClCompile>
    <ClCompile Include="debug\moc_qcustomplot.cpp">
      <Filter>Generated Files</Filter>
    </ClCompile>
    <ClCompile Include="release\moc_qcustomplot.cpp">
      <Filter>Generated Files</Filter>
    </ClCompile>
    <ClCompile Include="debug\moc_settings.cpp">
      <Filter>Generated Files</Filter>
    </ClCompile>
    <ClCompile Include="release\moc_settings.cpp">
      <Filter>Generated Files</Filter>
    </ClCompile>
    <ClCompile Include="debug\moc_test.cpp">
      <Filter>Generated Files</Filter>
    </ClCompile>
    <ClCompile Include="release\moc_test.cpp">
      <Filter>Generated Files</Filter>
    </ClCompile>
    <ClCompile Include="debug\qrc_images.cpp">
      <Filter>Generated Files</Filter>
    </ClCompile>
    <ClCompile Include="release\qrc_images.cpp">
      <Filter>Generated Files</Filter>
    </ClCompile>
    <ClInclude Include="ui_decode.h">
      <Filter>Generated Files</Filter>
    </ClInclude>
    <ClInclude Include="ui_encode.h">
      <Filter>Generated Files</Filter>
    </ClInclude>
    <ClInclude Include="ui_graph.h">
      <Filter>Generated Files</Filter>
    </ClInclude>
    <ClInclude Include="ui_mainwindow.h">
      <Filter>Generated Files</Filter>
    </ClInclude>
    <ClInclude Include="ui_settings.h">
      <Filter>Generated Files</Filter>
    </ClInclude>
    <ClInclude Include="ui_test.h">
      <Filter>Generated Files</Filter>
    </ClInclude>
  </ItemGroup>
  <ItemGroup>
    <CustomBuild Include="decode.ui">
      <Filter>Form Files</Filter>
    </CustomBuild>
    <CustomBuild Include="encode.ui">
      <Filter>Form Files</Filter>
    </CustomBuild>
    <CustomBuild Include="graph.ui">
      <Filter>Form Files</Filter>
    </CustomBuild>
    <CustomBuild Include="mainwindow.ui">
      <Filter>Form Files</Filter>
    </CustomBuild>
    <CustomBuild Include="settings.ui">
      <Filter>Form Files</Filter>
    </CustomBuild>
    <CustomBuild Include="test.ui">
      <Filter>Form Files</Filter>
    </CustomBuild>
  </ItemGroup>
  <ItemGroup>
    <CustomBuild Include="images.qrc">
      <Filter>Resource Files</Filter>
    </CustomBuild>
    <None Include="logo.png">
      <Filter>Resource Files</Filter>
    </None>
  </ItemGroup>
</Project>